
Microsoft Visual Studio Solution File, Format Version 12.00
# Visual Studio Version 17
VisualStudioVersion = 17.11.35431.28
MinimumVisualStudioVersion = 10.0.40219.1
Project("{FAE04EC0-301F-11D3-BF4B-00C04F79EFBC}") = "PersonalPocket", "PersonalPocket\PersonalPocket.csproj", "{4D972CD4-D58D-4AF2-80BF-E4D36162A346}"
EndProject
Global
	GlobalSection(SolutionConfigurationPlatforms) = preSolution
		Debug|Any CPU = Debug|Any CPU
		Release|Any CPU = Release|Any CPU
	EndGlobalSection
	GlobalSection(ProjectConfigurationPlatforms) = postSolution
		{4D972CD4-D58D-4AF2-80BF-E4D36162A346}.Debug|Any CPU.ActiveCfg = Debug|Any CPU
		{4D972CD4-D58D-4AF2-80BF-E4D36162A346}.Debug|Any CPU.Build.0 = Debug|Any CPU
		{4D972CD4-D58D-4AF2-80BF-E4D36162A346}.Debug|Any CPU.Deploy.0 = Debug|Any CPU
		{4D972CD4-D58D-4AF2-80BF-E4D36162A346}.Release|Any CPU.ActiveCfg = Release|Any CPU
		{4D972CD4-D58D-4AF2-80BF-E4D36162A346}.Release|Any CPU.Build.0 = Release|Any CPU
		{4D972CD4-D58D-4AF2-80BF-E4D36162A346}.Release|Any CPU.Deploy.0 = Release|Any CPU
	EndGlobalSection
	GlobalSection(SolutionProperties) = preSolution
		HideSolutionNode = FALSE
	EndGlobalSection
	GlobalSection(ExtensibilityGlobals) = postSolution
		SolutionGuid = {0EACB392-F1F0-4AD5-8D55-E5FA8CA7BEFA}
	EndGlobalSection
EndGlobal
